
Microsoft Visual Studio Solution File, Format Version 12.00
Project("{2150E333-8FDC-42A3-9474-1A3956D46DE8}") = "Services", "Services", "{BFD50029-A40C-40F9-95A2-77351BEC8650}"
EndProject
Project("{2150E333-8FDC-42A3-9474-1A3956D46DE8}") = "Catalog", "Catalog", "{A9D93975-6791-4AD8-A7FD-075065BF4C16}"
EndProject
Project("{FAE04EC0-301F-11D3-BF4B-00C04F79EFBC}") = "CatalogApi", "Services\Catalog\CatalogApi\CatalogApi.csproj", "{E337E528-C4C7-4914-86AB-45523C6A4CB8}"
EndProject
Project("{FAE04EC0-301F-11D3-BF4B-00C04F79EFBC}") = "BuildingBlocks", "BuildingBlocks\BuildingBlocks\BuildingBlocks.csproj", "{2D783FC1-B78F-4349-B035-481380B2E1CB}"
EndProject
Global
	GlobalSection(SolutionConfigurationPlatforms) = preSolution
		Debug|Any CPU = Debug|Any CPU
		Release|Any CPU = Release|Any CPU
	EndGlobalSection
	GlobalSection(NestedProjects) = preSolution
		{A9D93975-6791-4AD8-A7FD-075065BF4C16} = {BFD50029-A40C-40F9-95A2-77351BEC8650}
		{E337E528-C4C7-4914-86AB-45523C6A4CB8} = {A9D93975-6791-4AD8-A7FD-075065BF4C16}
	EndGlobalSection
	GlobalSection(ProjectConfigurationPlatforms) = postSolution
		{E337E528-C4C7-4914-86AB-45523C6A4CB8}.Debug|Any CPU.ActiveCfg = Debug|Any CPU
		{E337E528-C4C7-4914-86AB-45523C6A4CB8}.Debug|Any CPU.Build.0 = Debug|Any CPU
		{E337E528-C4C7-4914-86AB-45523C6A4CB8}.Release|Any CPU.ActiveCfg = Release|Any CPU
		{E337E528-C4C7-4914-86AB-45523C6A4CB8}.Release|Any CPU.Build.0 = Release|Any CPU
		{2D783FC1-B78F-4349-B035-481380B2E1CB}.Debug|Any CPU.ActiveCfg = Debug|Any CPU
		{2D783FC1-B78F-4349-B035-481380B2E1CB}.Debug|Any CPU.Build.0 = Debug|Any CPU
		{2D783FC1-B78F-4349-B035-481380B2E1CB}.Release|Any CPU.ActiveCfg = Release|Any CPU
		{2D783FC1-B78F-4349-B035-481380B2E1CB}.Release|Any CPU.Build.0 = Release|Any CPU
	EndGlobalSection
EndGlobal
